// !$*UTF8*$!
{
	archiveVersion = 1;
	classes = {
	};
	objectVersion = 46;
	objects = {

/* Begin PBXBuildFile section */
		124A7BFD1E4242C900A31A70 /* Pack_1188767.image_698287.png.Stickers in Resources */ = {isa = PBXBuildFile; fileRef = 124A7BF01E4242C900A31A70 /* Pack_1188767.image_698287.png.Stickers */; };
		124A7BFE1E4242C900A31A70 /* Pack_1188767.image_698339.png.Stickers in Resources */ = {isa = PBXBuildFile; fileRef = 124A7BF11E4242C900A31A70 /* Pack_1188767.image_698339.png.Stickers */; };
		124A7BFF1E4242C900A31A70 /* Pack_1188767.image_698348.png.Stickers in Resources */ = {isa = PBXBuildFile; fileRef = 124A7BF21E4242C900A31A70 /* Pack_1188767.image_698348.png.Stickers */; };
		124A7C001E4242C900A31A70 /* Pack_1188767.image_698366.png.Stickers in Resources */ = {isa = PBXBuildFile; fileRef = 124A7BF31E4242C900A31A70 /* Pack_1188767.image_698366.png.Stickers */; };
		124A7C011E4242C900A31A70 /* Pack_1188767.image_166176367.png.Stickers in Resources */ = {isa = PBXBuildFile; fileRef = 124A7BF41E4242C900A31A70 /* Pack_1188767.image_166176367.png.Stickers */; };
		124A7C021E4242C900A31A70 /* Pack_1188767.image_166176370.png.Stickers in Resources */ = {isa = PBXBuildFile; fileRef = 124A7BF51E4242C900A31A70 /* Pack_1188767.image_166176370.png.Stickers */; };
		124A7C031E4242C900A31A70 /* Pack_1188767.image_166176373.png.Stickers in Resources */ = {isa = PBXBuildFile; fileRef = 124A7BF61E4242C900A31A70 /* Pack_1188767.image_166176373.png.Stickers */; };
		124A7C041E4242C900A31A70 /* Pack_1188767.image_166176382.png.Stickers in Resources */ = {isa = PBXBuildFile; fileRef = 124A7BF71E4242C900A31A70 /* Pack_1188767.image_166176382.png.Stickers */; };
		124A7C051E4242C900A31A70 /* Pack_1188767.image_166176385.png.Stickers in Resources */ = {isa = PBXBuildFile; fileRef = 124A7BF81E4242C900A31A70 /* Pack_1188767.image_166176385.png.Stickers */; };
		124A7C061E4242C900A31A70 /* Pack_1188767.image_166176388.png.Stickers in Resources */ = {isa = PBXBuildFile; fileRef = 124A7BF91E4242C900A31A70 /* Pack_1188767.image_166176388.png.Stickers */; };
		124A7C071E4242C900A31A70 /* Pack_1188767.image_166176391.png.Stickers in Resources */ = {isa = PBXBuildFile; fileRef = 124A7BFA1E4242C900A31A70 /* Pack_1188767.image_166176391.png.Stickers */; };
		124A7C081E4242C900A31A70 /* Pack_1188767.packIcon_3941859901249773958.png.Stickers in Resources */ = {isa = PBXBuildFile; fileRef = 124A7BFB1E4242C900A31A70 /* Pack_1188767.packIcon_3941859901249773958.png.Stickers */; };
		124A7C091E4242C900A31A70 /* Pack_1188767.selectedPackIcon_2055947432137303685.png.Stickers in Resources */ = {isa = PBXBuildFile; fileRef = 124A7BFC1E4242C900A31A70 /* Pack_1188767.selectedPackIcon_2055947432137303685.png.Stickers */; };
		1DD55E999563A064552E4F5B /* Pods_MessagesExtension.framework in Frameworks */ = {isa = PBXBuildFile; fileRef = 399B60B7E3552EFBFDB589E1 /* Pods_MessagesExtension.framework */; };
		273FA7B61DEF132600BCDB3B /* StickerCollectionView.swift in Sources */ = {isa = PBXBuildFile; fileRef = 273FA7B51DEF132600BCDB3B /* StickerCollectionView.swift */; };
		45472E90530CDD7C180E0B52 /* Pods_iMessageStickers.framework in Frameworks */ = {isa = PBXBuildFile; fileRef = E3C83CF7BB3C3DD646D8EDB8 /* Pods_iMessageStickers.framework */; };
		72D92A7BCA37170E0AC9BA4C /* Pods_iMessageTests.framework in Frameworks */ = {isa = PBXBuildFile; fileRef = D1BBE3BFF6677F8CBF58D344 /* Pods_iMessageTests.framework */; };
		8F0F56371DF0AE3F0012C389 /* StickersDataFile.Stickers in Resources */ = {isa = PBXBuildFile; fileRef = 8F0F56281DF0AE3F0012C389 /* StickersDataFile.Stickers */; };
		8F101A5C1DE3233D00901DE2 /* FileManager+Stickers.swift in Sources */ = {isa = PBXBuildFile; fileRef = 8F101A591DE3233D00901DE2 /* FileManager+Stickers.swift */; };
		8F101A5D1DE3233D00901DE2 /* StickerCache.swift in Sources */ = {isa = PBXBuildFile; fileRef = 8F101A5A1DE3233D00901DE2 /* StickerCache.swift */; };
		8F101A5E1DE3233D00901DE2 /* StickerLoader.swift in Sources */ = {isa = PBXBuildFile; fileRef = 8F101A5B1DE3233D00901DE2 /* StickerLoader.swift */; };
		8F41F4A01E28A54B0066EA74 /* UICollectionViewRightAlignedLayout.m in Sources */ = {isa = PBXBuildFile; fileRef = 8F41F49F1E28A54B0066EA74 /* UICollectionViewRightAlignedLayout.m */; };
		8F4378CA1E3F577C0071D200 /* MSStickerSizeExtension.swift in Sources */ = {isa = PBXBuildFile; fileRef = 8F4378C91E3F577C0071D200 /* MSStickerSizeExtension.swift */; };
		8F49FE2C1DED66AD000882D8 /* iMessageTests.swift in Sources */ = {isa = PBXBuildFile; fileRef = 8F49FE2B1DED66AD000882D8 /* iMessageTests.swift */; };
		8F49FE311DED698D000882D8 /* Constants.swift in Sources */ = {isa = PBXBuildFile; fileRef = 8FEB56761DD302C800F89401 /* Constants.swift */; };
		8F49FEA91DEDDC34000882D8 /* StickerCell.swift in Sources */ = {isa = PBXBuildFile; fileRef = 8F49FEA71DEDDC34000882D8 /* StickerCell.swift */; };
		8F49FEAA1DEDDC34000882D8 /* StickerCell.xib in Resources */ = {isa = PBXBuildFile; fileRef = 8F49FEA81DEDDC34000882D8 /* StickerCell.xib */; };
		8F49FEAC1DEDDE6D000882D8 /* MyStickersPanel.swift in Sources */ = {isa = PBXBuildFile; fileRef = 8F49FEAB1DEDDE6D000882D8 /* MyStickersPanel.swift */; };
		8FA834261DE354DD0082881B /* emoji_1@2x.png in Resources */ = {isa = PBXBuildFile; fileRef = 8FA834211DE354DD0082881B /* emoji_1@2x.png */; };
		8FA8342C1DE43DDC0082881B /* MainViewController.swift in Sources */ = {isa = PBXBuildFile; fileRef = 8FA8342B1DE43DDC0082881B /* MainViewController.swift */; };
		8FD4FA7A1D9E3884006B8003 /* Assets.xcassets in Resources */ = {isa = PBXBuildFile; fileRef = 8FD4FA791D9E3884006B8003 /* Assets.xcassets */; };
		8FD4FA811D9E3884006B8003 /* MessagesExtension.appex in Embed App Extensions */ = {isa = PBXBuildFile; fileRef = 8FD4FA801D9E3884006B8003 /* MessagesExtension.appex */; settings = {ATTRIBUTES = (RemoveHeadersOnCopy, ); }; };
		8FD4FA861D9E3884006B8003 /* Messages.framework in Frameworks */ = {isa = PBXBuildFile; fileRef = 8FD4FA851D9E3884006B8003 /* Messages.framework */; };
		8FD4FA8C1D9E3884006B8003 /* MainInterface.storyboard in Resources */ = {isa = PBXBuildFile; fileRef = 8FD4FA8A1D9E3884006B8003 /* MainInterface.storyboard */; };
		8FD4FA8E1D9E3884006B8003 /* Assets.xcassets in Resources */ = {isa = PBXBuildFile; fileRef = 8FD4FA8D1D9E3884006B8003 /* Assets.xcassets */; };
		8FE681151DE4D1980050184E /* StickersConfig.swift in Sources */ = {isa = PBXBuildFile; fileRef = 8FE681141DE4D1980050184E /* StickersConfig.swift */; };
		8FEB56801DD302C800F89401 /* Constants.swift in Sources */ = {isa = PBXBuildFile; fileRef = 8FEB56761DD302C800F89401 /* Constants.swift */; };
		8FEB56811DD302C800F89401 /* StickerDataSource.swift in Sources */ = {isa = PBXBuildFile; fileRef = 8FEB56771DD302C800F89401 /* StickerDataSource.swift */; };
		8FEB56821DD302C800F89401 /* StickerIcon.swift in Sources */ = {isa = PBXBuildFile; fileRef = 8FEB56781DD302C800F89401 /* StickerIcon.swift */; };
		8FEB56831DD302C800F89401 /* StickerIcon.xib in Resources */ = {isa = PBXBuildFile; fileRef = 8FEB56791DD302C800F89401 /* StickerIcon.xib */; };
		8FEB56841DD302C800F89401 /* StickerPackIcon.swift in Sources */ = {isa = PBXBuildFile; fileRef = 8FEB567A1DD302C800F89401 /* StickerPackIcon.swift */; };
		8FEB56851DD302C800F89401 /* StickerPackIcon.xib in Resources */ = {isa = PBXBuildFile; fileRef = 8FEB567B1DD302C800F89401 /* StickerPackIcon.xib */; };
		8FEB56861DD302C800F89401 /* StickerPacksPanel.swift in Sources */ = {isa = PBXBuildFile; fileRef = 8FEB567C1DD302C800F89401 /* StickerPacksPanel.swift */; };
		8FEB56871DD302C800F89401 /* StickersDataProvider.swift in Sources */ = {isa = PBXBuildFile; fileRef = 8FEB567D1DD302C800F89401 /* StickersDataProvider.swift */; };
		8FEB56881DD302C800F89401 /* StickersPanel.swift in Sources */ = {isa = PBXBuildFile; fileRef = 8FEB567E1DD302C800F89401 /* StickersPanel.swift */; };
		8FEB56891DD302C800F89401 /* UIImage+Scale.swift in Sources */ = {isa = PBXBuildFile; fileRef = 8FEB567F1DD302C800F89401 /* UIImage+Scale.swift */; };
/* End PBXBuildFile section */

/* Begin PBXContainerItemProxy section */
		8FD4FA821D9E3884006B8003 /* PBXContainerItemProxy */ = {
			isa = PBXContainerItemProxy;
			containerPortal = 8FD4FA701D9E3884006B8003 /* Project object */;
			proxyType = 1;
			remoteGlobalIDString = 8FD4FA7F1D9E3884006B8003;
			remoteInfo = MessagesExtension;
		};
/* End PBXContainerItemProxy section */

/* Begin PBXCopyFilesBuildPhase section */
		8FD4FA951D9E3884006B8003 /* Embed App Extensions */ = {
			isa = PBXCopyFilesBuildPhase;
			buildActionMask = 2147483647;
			dstPath = "";
			dstSubfolderSpec = 13;
			files = (
				8FD4FA811D9E3884006B8003 /* MessagesExtension.appex in Embed App Extensions */,
			);
			name = "Embed App Extensions";
			runOnlyForDeploymentPostprocessing = 0;
		};
/* End PBXCopyFilesBuildPhase section */

/* Begin PBXFileReference section */
		124A7BF01E4242C900A31A70 /* Pack_1188767.image_698287.png.Stickers */ = {isa = PBXFileReference; lastKnownFileType = file; path = Pack_1188767.image_698287.png.Stickers; sourceTree = "<group>"; };
		124A7BF11E4242C900A31A70 /* Pack_1188767.image_698339.png.Stickers */ = {isa = PBXFileReference; lastKnownFileType = file; path = Pack_1188767.image_698339.png.Stickers; sourceTree = "<group>"; };
		124A7BF21E4242C900A31A70 /* Pack_1188767.image_698348.png.Stickers */ = {isa = PBXFileReference; lastKnownFileType = file; path = Pack_1188767.image_698348.png.Stickers; sourceTree = "<group>"; };
		124A7BF31E4242C900A31A70 /* Pack_1188767.image_698366.png.Stickers */ = {isa = PBXFileReference; lastKnownFileType = file; path = Pack_1188767.image_698366.png.Stickers; sourceTree = "<group>"; };
		124A7BF41E4242C900A31A70 /* Pack_1188767.image_166176367.png.Stickers */ = {isa = PBXFileReference; lastKnownFileType = file; path = Pack_1188767.image_166176367.png.Stickers; sourceTree = "<group>"; };
		124A7BF51E4242C900A31A70 /* Pack_1188767.image_166176370.png.Stickers */ = {isa = PBXFileReference; lastKnownFileType = file; path = Pack_1188767.image_166176370.png.Stickers; sourceTree = "<group>"; };
		124A7BF61E4242C900A31A70 /* Pack_1188767.image_166176373.png.Stickers */ = {isa = PBXFileReference; lastKnownFileType = file; path = Pack_1188767.image_166176373.png.Stickers; sourceTree = "<group>"; };
		124A7BF71E4242C900A31A70 /* Pack_1188767.image_166176382.png.Stickers */ = {isa = PBXFileReference; lastKnownFileType = file; path = Pack_1188767.image_166176382.png.Stickers; sourceTree = "<group>"; };
		124A7BF81E4242C900A31A70 /* Pack_1188767.image_166176385.png.Stickers */ = {isa = PBXFileReference; lastKnownFileType = file; path = Pack_1188767.image_166176385.png.Stickers; sourceTree = "<group>"; };
		124A7BF91E4242C900A31A70 /* Pack_1188767.image_166176388.png.Stickers */ = {isa = PBXFileReference; lastKnownFileType = file; path = Pack_1188767.image_166176388.png.Stickers; sourceTree = "<group>"; };
		124A7BFA1E4242C900A31A70 /* Pack_1188767.image_166176391.png.Stickers */ = {isa = PBXFileReference; lastKnownFileType = file; path = Pack_1188767.image_166176391.png.Stickers; sourceTree = "<group>"; };
		124A7BFB1E4242C900A31A70 /* Pack_1188767.packIcon_3941859901249773958.png.Stickers */ = {isa = PBXFileReference; lastKnownFileType = file; path = Pack_1188767.packIcon_3941859901249773958.png.Stickers; sourceTree = "<group>"; };
		124A7BFC1E4242C900A31A70 /* Pack_1188767.selectedPackIcon_2055947432137303685.png.Stickers */ = {isa = PBXFileReference; lastKnownFileType = file; path = Pack_1188767.selectedPackIcon_2055947432137303685.png.Stickers; sourceTree = "<group>"; };
		1D04E445679166308A486C15 /* Pods-iMessageTests.release.xcconfig */ = {isa = PBXFileReference; includeInIndex = 1; lastKnownFileType = text.xcconfig; name = "Pods-iMessageTests.release.xcconfig"; path = "Pods/Target Support Files/Pods-iMessageTests/Pods-iMessageTests.release.xcconfig"; sourceTree = "<group>"; };
		259659812254D9B363EAA599 /* Pods-iMessageStickers.debug.xcconfig */ = {isa = PBXFileReference; includeInIndex = 1; lastKnownFileType = text.xcconfig; name = "Pods-iMessageStickers.debug.xcconfig"; path = "Pods/Target Support Files/Pods-iMessageStickers/Pods-iMessageStickers.debug.xcconfig"; sourceTree = "<group>"; };
		273FA7B51DEF132600BCDB3B /* StickerCollectionView.swift */ = {isa = PBXFileReference; fileEncoding = 4; lastKnownFileType = sourcecode.swift; path = StickerCollectionView.swift; sourceTree = "<group>"; };
		399B60B7E3552EFBFDB589E1 /* Pods_MessagesExtension.framework */ = {isa = PBXFileReference; explicitFileType = wrapper.framework; includeInIndex = 0; path = Pods_MessagesExtension.framework; sourceTree = BUILT_PRODUCTS_DIR; };
		60B0956866E70997105D7BBD /* Pods-MessagesExtension.release.xcconfig */ = {isa = PBXFileReference; includeInIndex = 1; lastKnownFileType = text.xcconfig; name = "Pods-MessagesExtension.release.xcconfig"; path = "Pods/Target Support Files/Pods-MessagesExtension/Pods-MessagesExtension.release.xcconfig"; sourceTree = "<group>"; };
		8F0F56281DF0AE3F0012C389 /* StickersDataFile.Stickers */ = {isa = PBXFileReference; lastKnownFileType = file.bplist; path = StickersDataFile.Stickers; sourceTree = "<group>"; };
		8F101A591DE3233D00901DE2 /* FileManager+Stickers.swift */ = {isa = PBXFileReference; fileEncoding = 4; lastKnownFileType = sourcecode.swift; path = "FileManager+Stickers.swift"; sourceTree = "<group>"; };
		8F101A5A1DE3233D00901DE2 /* StickerCache.swift */ = {isa = PBXFileReference; fileEncoding = 4; lastKnownFileType = sourcecode.swift; path = StickerCache.swift; sourceTree = "<group>"; };
		8F101A5B1DE3233D00901DE2 /* StickerLoader.swift */ = {isa = PBXFileReference; fileEncoding = 4; lastKnownFileType = sourcecode.swift; path = StickerLoader.swift; sourceTree = "<group>"; };
		8F41F49E1E28A54B0066EA74 /* UICollectionViewRightAlignedLayout.h */ = {isa = PBXFileReference; fileEncoding = 4; lastKnownFileType = sourcecode.c.h; path = UICollectionViewRightAlignedLayout.h; sourceTree = "<group>"; };
		8F41F49F1E28A54B0066EA74 /* UICollectionViewRightAlignedLayout.m */ = {isa = PBXFileReference; fileEncoding = 4; lastKnownFileType = sourcecode.c.objc; path = UICollectionViewRightAlignedLayout.m; sourceTree = "<group>"; };
		8F41F4AA1E28AC340066EA74 /* iMessageStickers-Bridging-Header.h */ = {isa = PBXFileReference; fileEncoding = 4; lastKnownFileType = sourcecode.c.h; path = "iMessageStickers-Bridging-Header.h"; sourceTree = "<group>"; };
		8F4378C91E3F577C0071D200 /* MSStickerSizeExtension.swift */ = {isa = PBXFileReference; fileEncoding = 4; lastKnownFileType = sourcecode.swift; path = MSStickerSizeExtension.swift; sourceTree = "<group>"; };
		8F49FE291DED66AD000882D8 /* iMessageTests.xctest */ = {isa = PBXFileReference; explicitFileType = wrapper.cfbundle; includeInIndex = 0; path = iMessageTests.xctest; sourceTree = BUILT_PRODUCTS_DIR; };
		8F49FE2B1DED66AD000882D8 /* iMessageTests.swift */ = {isa = PBXFileReference; lastKnownFileType = sourcecode.swift; path = iMessageTests.swift; sourceTree = "<group>"; };
		8F49FE2D1DED66AD000882D8 /* Info.plist */ = {isa = PBXFileReference; lastKnownFileType = text.plist.xml; path = Info.plist; sourceTree = "<group>"; };
		8F49FEA71DEDDC34000882D8 /* StickerCell.swift */ = {isa = PBXFileReference; fileEncoding = 4; lastKnownFileType = sourcecode.swift; path = StickerCell.swift; sourceTree = "<group>"; };
		8F49FEA81DEDDC34000882D8 /* StickerCell.xib */ = {isa = PBXFileReference; fileEncoding = 4; lastKnownFileType = file.xib; path = StickerCell.xib; sourceTree = "<group>"; };
		8F49FEAB1DEDDE6D000882D8 /* MyStickersPanel.swift */ = {isa = PBXFileReference; fileEncoding = 4; lastKnownFileType = sourcecode.swift; path = MyStickersPanel.swift; sourceTree = "<group>"; };
		8FA834211DE354DD0082881B /* emoji_1@2x.png */ = {isa = PBXFileReference; lastKnownFileType = image.png; path = "emoji_1@2x.png"; sourceTree = "<group>"; };
		8FA8342B1DE43DDC0082881B /* MainViewController.swift */ = {isa = PBXFileReference; fileEncoding = 4; lastKnownFileType = sourcecode.swift; path = MainViewController.swift; sourceTree = "<group>"; };
		8FD4FA761D9E3884006B8003 /* iMessageStickers.app */ = {isa = PBXFileReference; explicitFileType = wrapper.application; includeInIndex = 0; path = iMessageStickers.app; sourceTree = BUILT_PRODUCTS_DIR; };
		8FD4FA791D9E3884006B8003 /* Assets.xcassets */ = {isa = PBXFileReference; lastKnownFileType = folder.assetcatalog; path = Assets.xcassets; sourceTree = "<group>"; };
		8FD4FA7B1D9E3884006B8003 /* Info.plist */ = {isa = PBXFileReference; lastKnownFileType = text.plist.xml; path = Info.plist; sourceTree = "<group>"; };
		8FD4FA801D9E3884006B8003 /* MessagesExtension.appex */ = {isa = PBXFileReference; explicitFileType = "wrapper.app-extension"; includeInIndex = 0; path = MessagesExtension.appex; sourceTree = BUILT_PRODUCTS_DIR; };
		8FD4FA851D9E3884006B8003 /* Messages.framework */ = {isa = PBXFileReference; lastKnownFileType = wrapper.framework; name = Messages.framework; path = System/Library/Frameworks/Messages.framework; sourceTree = SDKROOT; };
		8FD4FA8B1D9E3884006B8003 /* Base */ = {isa = PBXFileReference; lastKnownFileType = file.storyboard; name = Base; path = Base.lproj/MainInterface.storyboard; sourceTree = "<group>"; };
		8FD4FA8D1D9E3884006B8003 /* Assets.xcassets */ = {isa = PBXFileReference; lastKnownFileType = folder.assetcatalog; path = Assets.xcassets; sourceTree = "<group>"; };
		8FD4FA8F1D9E3884006B8003 /* Info.plist */ = {isa = PBXFileReference; lastKnownFileType = text.plist.xml; path = Info.plist; sourceTree = "<group>"; };
		8FE681141DE4D1980050184E /* StickersConfig.swift */ = {isa = PBXFileReference; fileEncoding = 4; lastKnownFileType = sourcecode.swift; path = StickersConfig.swift; sourceTree = "<group>"; };
		8FEB56761DD302C800F89401 /* Constants.swift */ = {isa = PBXFileReference; fileEncoding = 4; lastKnownFileType = sourcecode.swift; path = Constants.swift; sourceTree = "<group>"; };
		8FEB56771DD302C800F89401 /* StickerDataSource.swift */ = {isa = PBXFileReference; fileEncoding = 4; lastKnownFileType = sourcecode.swift; path = StickerDataSource.swift; sourceTree = "<group>"; };
		8FEB56781DD302C800F89401 /* StickerIcon.swift */ = {isa = PBXFileReference; fileEncoding = 4; lastKnownFileType = sourcecode.swift; path = StickerIcon.swift; sourceTree = "<group>"; };
		8FEB56791DD302C800F89401 /* StickerIcon.xib */ = {isa = PBXFileReference; fileEncoding = 4; lastKnownFileType = file.xib; path = StickerIcon.xib; sourceTree = "<group>"; };
		8FEB567A1DD302C800F89401 /* StickerPackIcon.swift */ = {isa = PBXFileReference; fileEncoding = 4; lastKnownFileType = sourcecode.swift; path = StickerPackIcon.swift; sourceTree = "<group>"; };
		8FEB567B1DD302C800F89401 /* StickerPackIcon.xib */ = {isa = PBXFileReference; fileEncoding = 4; lastKnownFileType = file.xib; path = StickerPackIcon.xib; sourceTree = "<group>"; };
		8FEB567C1DD302C800F89401 /* StickerPacksPanel.swift */ = {isa = PBXFileReference; fileEncoding = 4; lastKnownFileType = sourcecode.swift; path = StickerPacksPanel.swift; sourceTree = "<group>"; };
		8FEB567D1DD302C800F89401 /* StickersDataProvider.swift */ = {isa = PBXFileReference; fileEncoding = 4; lastKnownFileType = sourcecode.swift; path = StickersDataProvider.swift; sourceTree = "<group>"; };
		8FEB567E1DD302C800F89401 /* StickersPanel.swift */ = {isa = PBXFileReference; fileEncoding = 4; lastKnownFileType = sourcecode.swift; path = StickersPanel.swift; sourceTree = "<group>"; };
		8FEB567F1DD302C800F89401 /* UIImage+Scale.swift */ = {isa = PBXFileReference; fileEncoding = 4; lastKnownFileType = sourcecode.swift; path = "UIImage+Scale.swift"; sourceTree = "<group>"; };
		9F445BC4BB0DA894D9745C85 /* Pods-iMessageStickers.release.xcconfig */ = {isa = PBXFileReference; includeInIndex = 1; lastKnownFileType = text.xcconfig; name = "Pods-iMessageStickers.release.xcconfig"; path = "Pods/Target Support Files/Pods-iMessageStickers/Pods-iMessageStickers.release.xcconfig"; sourceTree = "<group>"; };
		CA10FD2746FEA5789B01D6B8 /* Pods-MessagesExtension.debug.xcconfig */ = {isa = PBXFileReference; includeInIndex = 1; lastKnownFileType = text.xcconfig; name = "Pods-MessagesExtension.debug.xcconfig"; path = "Pods/Target Support Files/Pods-MessagesExtension/Pods-MessagesExtension.debug.xcconfig"; sourceTree = "<group>"; };
		D1BBE3BFF6677F8CBF58D344 /* Pods_iMessageTests.framework */ = {isa = PBXFileReference; explicitFileType = wrapper.framework; includeInIndex = 0; path = Pods_iMessageTests.framework; sourceTree = BUILT_PRODUCTS_DIR; };
		D8B788D2DA89564CF4576D54 /* Pods-iMessageTests.debug.xcconfig */ = {isa = PBXFileReference; includeInIndex = 1; lastKnownFileType = text.xcconfig; name = "Pods-iMessageTests.debug.xcconfig"; path = "Pods/Target Support Files/Pods-iMessageTests/Pods-iMessageTests.debug.xcconfig"; sourceTree = "<group>"; };
		E3C83CF7BB3C3DD646D8EDB8 /* Pods_iMessageStickers.framework */ = {isa = PBXFileReference; explicitFileType = wrapper.framework; includeInIndex = 0; path = Pods_iMessageStickers.framework; sourceTree = BUILT_PRODUCTS_DIR; };
/* End PBXFileReference section */

/* Begin PBXFrameworksBuildPhase section */
		8F49FE261DED66AD000882D8 /* Frameworks */ = {
			isa = PBXFrameworksBuildPhase;
			buildActionMask = 2147483647;
			files = (
				72D92A7BCA37170E0AC9BA4C /* Pods_iMessageTests.framework in Frameworks */,
			);
			runOnlyForDeploymentPostprocessing = 0;
		};
		8FD4FA7D1D9E3884006B8003 /* Frameworks */ = {
			isa = PBXFrameworksBuildPhase;
			buildActionMask = 2147483647;
			files = (
				8FD4FA861D9E3884006B8003 /* Messages.framework in Frameworks */,
				1DD55E999563A064552E4F5B /* Pods_MessagesExtension.framework in Frameworks */,
			);
			runOnlyForDeploymentPostprocessing = 0;
		};
		ACF4BDCC3D03F7C3E523E021 /* Frameworks */ = {
			isa = PBXFrameworksBuildPhase;
			buildActionMask = 2147483647;
			files = (
				45472E90530CDD7C180E0B52 /* Pods_iMessageStickers.framework in Frameworks */,
			);
			runOnlyForDeploymentPostprocessing = 0;
		};
/* End PBXFrameworksBuildPhase section */

/* Begin PBXGroup section */
		245E25E97B03FCF4B88739D3 /* Pods */ = {
			isa = PBXGroup;
			children = (
				CA10FD2746FEA5789B01D6B8 /* Pods-MessagesExtension.debug.xcconfig */,
				60B0956866E70997105D7BBD /* Pods-MessagesExtension.release.xcconfig */,
				259659812254D9B363EAA599 /* Pods-iMessageStickers.debug.xcconfig */,
				9F445BC4BB0DA894D9745C85 /* Pods-iMessageStickers.release.xcconfig */,
				D8B788D2DA89564CF4576D54 /* Pods-iMessageTests.debug.xcconfig */,
				1D04E445679166308A486C15 /* Pods-iMessageTests.release.xcconfig */,
			);
			name = Pods;
			sourceTree = "<group>";
		};
		8F0F56191DF0AE3F0012C389 /* WarmCache */ = {
			isa = PBXGroup;
			children = (
				124A7BF01E4242C900A31A70 /* Pack_1188767.image_698287.png.Stickers */,
				124A7BF11E4242C900A31A70 /* Pack_1188767.image_698339.png.Stickers */,
				124A7BF21E4242C900A31A70 /* Pack_1188767.image_698348.png.Stickers */,
				124A7BF31E4242C900A31A70 /* Pack_1188767.image_698366.png.Stickers */,
				124A7BF41E4242C900A31A70 /* Pack_1188767.image_166176367.png.Stickers */,
				124A7BF51E4242C900A31A70 /* Pack_1188767.image_166176370.png.Stickers */,
				124A7BF61E4242C900A31A70 /* Pack_1188767.image_166176373.png.Stickers */,
				124A7BF71E4242C900A31A70 /* Pack_1188767.image_166176382.png.Stickers */,
				124A7BF81E4242C900A31A70 /* Pack_1188767.image_166176385.png.Stickers */,
				124A7BF91E4242C900A31A70 /* Pack_1188767.image_166176388.png.Stickers */,
				124A7BFA1E4242C900A31A70 /* Pack_1188767.image_166176391.png.Stickers */,
				124A7BFB1E4242C900A31A70 /* Pack_1188767.packIcon_3941859901249773958.png.Stickers */,
				124A7BFC1E4242C900A31A70 /* Pack_1188767.selectedPackIcon_2055947432137303685.png.Stickers */,
				8F0F56281DF0AE3F0012C389 /* StickersDataFile.Stickers */,
			);
			path = WarmCache;
			sourceTree = "<group>";
		};
		8F101A581DE3233D00901DE2 /* Utilites */ = {
			isa = PBXGroup;
			children = (
				8F101A591DE3233D00901DE2 /* FileManager+Stickers.swift */,
				8F101A5A1DE3233D00901DE2 /* StickerCache.swift */,
				8F101A5B1DE3233D00901DE2 /* StickerLoader.swift */,
			);
			path = Utilites;
			sourceTree = "<group>";
		};
		8F41F49D1E28A54B0066EA74 /* UICollectionViewRightAlignedLayout */ = {
			isa = PBXGroup;
			children = (
				8F41F49E1E28A54B0066EA74 /* UICollectionViewRightAlignedLayout.h */,
				8F41F49F1E28A54B0066EA74 /* UICollectionViewRightAlignedLayout.m */,
			);
			path = UICollectionViewRightAlignedLayout;
			sourceTree = "<group>";
		};
		8F49FE2A1DED66AD000882D8 /* iMessageTests */ = {
			isa = PBXGroup;
			children = (
				8F49FE2B1DED66AD000882D8 /* iMessageTests.swift */,
				8F49FE2D1DED66AD000882D8 /* Info.plist */,
			);
			path = iMessageTests;
			sourceTree = "<group>";
		};
		8FD4FA6F1D9E3884006B8003 = {
			isa = PBXGroup;
			children = (
				8FD4FA781D9E3884006B8003 /* iMessageStickers */,
				8FD4FA871D9E3884006B8003 /* MessagesExtension */,
				8F49FE2A1DED66AD000882D8 /* iMessageTests */,
				8FD4FA841D9E3884006B8003 /* Frameworks */,
				8FD4FA771D9E3884006B8003 /* Products */,
				245E25E97B03FCF4B88739D3 /* Pods */,
			);
			sourceTree = "<group>";
		};
		8FD4FA771D9E3884006B8003 /* Products */ = {
			isa = PBXGroup;
			children = (
				8FD4FA761D9E3884006B8003 /* iMessageStickers.app */,
				8FD4FA801D9E3884006B8003 /* MessagesExtension.appex */,
				8F49FE291DED66AD000882D8 /* iMessageTests.xctest */,
			);
			name = Products;
			sourceTree = "<group>";
		};
		8FD4FA781D9E3884006B8003 /* iMessageStickers */ = {
			isa = PBXGroup;
			children = (
				8FD4FA791D9E3884006B8003 /* Assets.xcassets */,
				8FD4FA7B1D9E3884006B8003 /* Info.plist */,
			);
			path = iMessageStickers;
			sourceTree = "<group>";
		};
		8FD4FA841D9E3884006B8003 /* Frameworks */ = {
			isa = PBXGroup;
			children = (
				8FD4FA851D9E3884006B8003 /* Messages.framework */,
				399B60B7E3552EFBFDB589E1 /* Pods_MessagesExtension.framework */,
				E3C83CF7BB3C3DD646D8EDB8 /* Pods_iMessageStickers.framework */,
				D1BBE3BFF6677F8CBF58D344 /* Pods_iMessageTests.framework */,
			);
			name = Frameworks;
			sourceTree = "<group>";
		};
		8FD4FA871D9E3884006B8003 /* MessagesExtension */ = {
			isa = PBXGroup;
			children = (
				8F41F4AA1E28AC340066EA74 /* iMessageStickers-Bridging-Header.h */,
				8F41F49D1E28A54B0066EA74 /* UICollectionViewRightAlignedLayout */,
				8F0F56191DF0AE3F0012C389 /* WarmCache */,
				8F101A581DE3233D00901DE2 /* Utilites */,
				8FEB56751DD302C800F89401 /* StickersCollection */,
				8FA8342B1DE43DDC0082881B /* MainViewController.swift */,
				8FE681141DE4D1980050184E /* StickersConfig.swift */,
				8FD4FA8A1D9E3884006B8003 /* MainInterface.storyboard */,
				8FA834211DE354DD0082881B /* emoji_1@2x.png */,
				8FD4FA8D1D9E3884006B8003 /* Assets.xcassets */,
				8FD4FA8F1D9E3884006B8003 /* Info.plist */,
			);
			path = MessagesExtension;
			sourceTree = "<group>";
		};
		8FEB56751DD302C800F89401 /* StickersCollection */ = {
			isa = PBXGroup;
			children = (
				8FEB56761DD302C800F89401 /* Constants.swift */,
				8F4378C91E3F577C0071D200 /* MSStickerSizeExtension.swift */,
				8FEB56771DD302C800F89401 /* StickerDataSource.swift */,
				8F49FEA71DEDDC34000882D8 /* StickerCell.swift */,
				8F49FEA81DEDDC34000882D8 /* StickerCell.xib */,
				8F49FEAB1DEDDE6D000882D8 /* MyStickersPanel.swift */,
				8FEB56781DD302C800F89401 /* StickerIcon.swift */,
				8FEB56791DD302C800F89401 /* StickerIcon.xib */,
				8FEB567A1DD302C800F89401 /* StickerPackIcon.swift */,
				8FEB567B1DD302C800F89401 /* StickerPackIcon.xib */,
				8FEB567C1DD302C800F89401 /* StickerPacksPanel.swift */,
				8FEB567D1DD302C800F89401 /* StickersDataProvider.swift */,
				8FEB567E1DD302C800F89401 /* StickersPanel.swift */,
				8FEB567F1DD302C800F89401 /* UIImage+Scale.swift */,
				273FA7B51DEF132600BCDB3B /* StickerCollectionView.swift */,
			);
			path = StickersCollection;
			sourceTree = "<group>";
		};
/* End PBXGroup section */

/* Begin PBXNativeTarget section */
		8F49FE281DED66AD000882D8 /* iMessageTests */ = {
			isa = PBXNativeTarget;
			buildConfigurationList = 8F49FE301DED66AD000882D8 /* Build configuration list for PBXNativeTarget "iMessageTests" */;
			buildPhases = (
				D64CA71695AA99FEBBBF6D84 /* [CP] Check Pods Manifest.lock */,
				8F49FE251DED66AD000882D8 /* Sources */,
				8F49FE261DED66AD000882D8 /* Frameworks */,
				8F49FE271DED66AD000882D8 /* Resources */,
				FBF35A845C484D990B71C24B /* [CP] Embed Pods Frameworks */,
				86C583A34CB44D7C49FB99EE /* [CP] Copy Pods Resources */,
			);
			buildRules = (
			);
			dependencies = (
			);
			name = iMessageTests;
			productName = iMessageTests;
			productReference = 8F49FE291DED66AD000882D8 /* iMessageTests.xctest */;
			productType = "com.apple.product-type.bundle.unit-test";
		};
		8FD4FA751D9E3884006B8003 /* iMessageStickers */ = {
			isa = PBXNativeTarget;
			buildConfigurationList = 8FD4FA961D9E3884006B8003 /* Build configuration list for PBXNativeTarget "iMessageStickers" */;
			buildPhases = (
				546225C5D8B13D6AAA57FF51 /* [CP] Check Pods Manifest.lock */,
				8FD4FA741D9E3884006B8003 /* Resources */,
				8FD4FA951D9E3884006B8003 /* Embed App Extensions */,
				ACF4BDCC3D03F7C3E523E021 /* Frameworks */,
				0AB729854157238183194402 /* [CP] Embed Pods Frameworks */,
				CF41CF7800D6337AD4C0D774 /* [CP] Copy Pods Resources */,
			);
			buildRules = (
			);
			dependencies = (
				8FD4FA831D9E3884006B8003 /* PBXTargetDependency */,
			);
			name = iMessageStickers;
			productName = iMessageStickers;
			productReference = 8FD4FA761D9E3884006B8003 /* iMessageStickers.app */;
			productType = "com.apple.product-type.application.messages";
		};
		8FD4FA7F1D9E3884006B8003 /* MessagesExtension */ = {
			isa = PBXNativeTarget;
			buildConfigurationList = 8FD4FA921D9E3884006B8003 /* Build configuration list for PBXNativeTarget "MessagesExtension" */;
			buildPhases = (
				AA3B86DE0F90CC58505DBCC0 /* [CP] Check Pods Manifest.lock */,
				8FD4FA7C1D9E3884006B8003 /* Sources */,
				8FD4FA7D1D9E3884006B8003 /* Frameworks */,
				8FD4FA7E1D9E3884006B8003 /* Resources */,
				0D40B53E2D80CF10A9C70D7B /* [CP] Copy Pods Resources */,
			);
			buildRules = (
			);
			dependencies = (
			);
			name = MessagesExtension;
			productName = MessagesExtension;
			productReference = 8FD4FA801D9E3884006B8003 /* MessagesExtension.appex */;
			productType = "com.apple.product-type.app-extension.messages";
		};
/* End PBXNativeTarget section */

/* Begin PBXProject section */
		8FD4FA701D9E3884006B8003 /* Project object */ = {
			isa = PBXProject;
			attributes = {
				LastSwiftUpdateCheck = 0810;
				LastUpgradeCheck = 0810;
				ORGANIZATIONNAME = ROKO;
				TargetAttributes = {
					8F49FE281DED66AD000882D8 = {
						CreatedOnToolsVersion = 8.1;
						DevelopmentTeam = 8UDWX3Z26Y;
						ProvisioningStyle = Automatic;
					};
					8FD4FA751D9E3884006B8003 = {
						CreatedOnToolsVersion = 8.0;
						DevelopmentTeam = UA6LKF8Y8H;
						ProvisioningStyle = Manual;
					};
					8FD4FA7F1D9E3884006B8003 = {
						CreatedOnToolsVersion = 8.0;
						DevelopmentTeam = UA6LKF8Y8H;
						ProvisioningStyle = Manual;
					};
				};
			};
			buildConfigurationList = 8FD4FA731D9E3884006B8003 /* Build configuration list for PBXProject "iMessageStickers" */;
			compatibilityVersion = "Xcode 3.2";
			developmentRegion = English;
			hasScannedForEncodings = 0;
			knownRegions = (
				en,
				Base,
			);
			mainGroup = 8FD4FA6F1D9E3884006B8003;
			productRefGroup = 8FD4FA771D9E3884006B8003 /* Products */;
			projectDirPath = "";
			projectRoot = "";
			targets = (
				8FD4FA751D9E3884006B8003 /* iMessageStickers */,
				8FD4FA7F1D9E3884006B8003 /* MessagesExtension */,
				8F49FE281DED66AD000882D8 /* iMessageTests */,
			);
		};
/* End PBXProject section */

/* Begin PBXResourcesBuildPhase section */
		8F49FE271DED66AD000882D8 /* Resources */ = {
			isa = PBXResourcesBuildPhase;
			buildActionMask = 2147483647;
			files = (
			);
			runOnlyForDeploymentPostprocessing = 0;
		};
		8FD4FA741D9E3884006B8003 /* Resources */ = {
			isa = PBXResourcesBuildPhase;
			buildActionMask = 2147483647;
			files = (
				8FD4FA7A1D9E3884006B8003 /* Assets.xcassets in Resources */,
			);
			runOnlyForDeploymentPostprocessing = 0;
		};
		8FD4FA7E1D9E3884006B8003 /* Resources */ = {
			isa = PBXResourcesBuildPhase;
			buildActionMask = 2147483647;
			files = (
				8FD4FA8E1D9E3884006B8003 /* Assets.xcassets in Resources */,
				124A7C051E4242C900A31A70 /* Pack_1188767.image_166176385.png.Stickers in Resources */,
				8FA834261DE354DD0082881B /* emoji_1@2x.png in Resources */,
				124A7C001E4242C900A31A70 /* Pack_1188767.image_698366.png.Stickers in Resources */,
				8FEB56851DD302C800F89401 /* StickerPackIcon.xib in Resources */,
				124A7BFD1E4242C900A31A70 /* Pack_1188767.image_698287.png.Stickers in Resources */,
				124A7C091E4242C900A31A70 /* Pack_1188767.selectedPackIcon_2055947432137303685.png.Stickers in Resources */,
				8FD4FA8C1D9E3884006B8003 /* MainInterface.storyboard in Resources */,
				124A7BFF1E4242C900A31A70 /* Pack_1188767.image_698348.png.Stickers in Resources */,
				124A7BFE1E4242C900A31A70 /* Pack_1188767.image_698339.png.Stickers in Resources */,
				8F49FEAA1DEDDC34000882D8 /* StickerCell.xib in Resources */,
				124A7C081E4242C900A31A70 /* Pack_1188767.packIcon_3941859901249773958.png.Stickers in Resources */,
				124A7C061E4242C900A31A70 /* Pack_1188767.image_166176388.png.Stickers in Resources */,
				124A7C021E4242C900A31A70 /* Pack_1188767.image_166176370.png.Stickers in Resources */,
				124A7C031E4242C900A31A70 /* Pack_1188767.image_166176373.png.Stickers in Resources */,
				124A7C011E4242C900A31A70 /* Pack_1188767.image_166176367.png.Stickers in Resources */,
				8FEB56831DD302C800F89401 /* StickerIcon.xib in Resources */,
				8F0F56371DF0AE3F0012C389 /* StickersDataFile.Stickers in Resources */,
				124A7C071E4242C900A31A70 /* Pack_1188767.image_166176391.png.Stickers in Resources */,
				124A7C041E4242C900A31A70 /* Pack_1188767.image_166176382.png.Stickers in Resources */,
			);
			runOnlyForDeploymentPostprocessing = 0;
		};
/* End PBXResourcesBuildPhase section */

/* Begin PBXShellScriptBuildPhase section */
		0AB729854157238183194402 /* [CP] Embed Pods Frameworks */ = {
			isa = PBXShellScriptBuildPhase;
			buildActionMask = 2147483647;
			files = (
			);
			inputPaths = (
			);
			name = "[CP] Embed Pods Frameworks";
			outputPaths = (
			);
			runOnlyForDeploymentPostprocessing = 0;
			shellPath = /bin/sh;
			shellScript = "\"${SRCROOT}/Pods/Target Support Files/Pods-iMessageStickers/Pods-iMessageStickers-frameworks.sh\"\n";
			showEnvVarsInLog = 0;
		};
		0D40B53E2D80CF10A9C70D7B /* [CP] Copy Pods Resources */ = {
			isa = PBXShellScriptBuildPhase;
			buildActionMask = 2147483647;
			files = (
			);
			inputPaths = (
			);
			name = "[CP] Copy Pods Resources";
			outputPaths = (
			);
			runOnlyForDeploymentPostprocessing = 0;
			shellPath = /bin/sh;
			shellScript = "\"${SRCROOT}/Pods/Target Support Files/Pods-MessagesExtension/Pods-MessagesExtension-resources.sh\"\n";
			showEnvVarsInLog = 0;
		};
		546225C5D8B13D6AAA57FF51 /* [CP] Check Pods Manifest.lock */ = {
			isa = PBXShellScriptBuildPhase;
			buildActionMask = 2147483647;
			files = (
			);
			inputPaths = (
			);
			name = "[CP] Check Pods Manifest.lock";
			outputPaths = (
			);
			runOnlyForDeploymentPostprocessing = 0;
			shellPath = /bin/sh;
			shellScript = "diff \"${PODS_ROOT}/../Podfile.lock\" \"${PODS_ROOT}/Manifest.lock\" > /dev/null\nif [ $? != 0 ] ; then\n    # print error to STDERR\n    echo \"error: The sandbox is not in sync with the Podfile.lock. Run 'pod install' or update your CocoaPods installation.\" >&2\n    exit 1\nfi\n";
			showEnvVarsInLog = 0;
		};
		86C583A34CB44D7C49FB99EE /* [CP] Copy Pods Resources */ = {
			isa = PBXShellScriptBuildPhase;
			buildActionMask = 2147483647;
			files = (
			);
			inputPaths = (
			);
			name = "[CP] Copy Pods Resources";
			outputPaths = (
			);
			runOnlyForDeploymentPostprocessing = 0;
			shellPath = /bin/sh;
			shellScript = "\"${SRCROOT}/Pods/Target Support Files/Pods-iMessageTests/Pods-iMessageTests-resources.sh\"\n";
			showEnvVarsInLog = 0;
		};
		AA3B86DE0F90CC58505DBCC0 /* [CP] Check Pods Manifest.lock */ = {
			isa = PBXShellScriptBuildPhase;
			buildActionMask = 2147483647;
			files = (
			);
			inputPaths = (
			);
			name = "[CP] Check Pods Manifest.lock";
			outputPaths = (
			);
			runOnlyForDeploymentPostprocessing = 0;
			shellPath = /bin/sh;
			shellScript = "diff \"${PODS_ROOT}/../Podfile.lock\" \"${PODS_ROOT}/Manifest.lock\" > /dev/null\nif [ $? != 0 ] ; then\n    # print error to STDERR\n    echo \"error: The sandbox is not in sync with the Podfile.lock. Run 'pod install' or update your CocoaPods installation.\" >&2\n    exit 1\nfi\n";
			showEnvVarsInLog = 0;
		};
		CF41CF7800D6337AD4C0D774 /* [CP] Copy Pods Resources */ = {
			isa = PBXShellScriptBuildPhase;
			buildActionMask = 2147483647;
			files = (
			);
			inputPaths = (
			);
			name = "[CP] Copy Pods Resources";
			outputPaths = (
			);
			runOnlyForDeploymentPostprocessing = 0;
			shellPath = /bin/sh;
			shellScript = "\"${SRCROOT}/Pods/Target Support Files/Pods-iMessageStickers/Pods-iMessageStickers-resources.sh\"\n";
			showEnvVarsInLog = 0;
		};
		D64CA71695AA99FEBBBF6D84 /* [CP] Check Pods Manifest.lock */ = {
			isa = PBXShellScriptBuildPhase;
			buildActionMask = 2147483647;
			files = (
			);
			inputPaths = (
			);
			name = "[CP] Check Pods Manifest.lock";
			outputPaths = (
			);
			runOnlyForDeploymentPostprocessing = 0;
			shellPath = /bin/sh;
			shellScript = "diff \"${PODS_ROOT}/../Podfile.lock\" \"${PODS_ROOT}/Manifest.lock\" > /dev/null\nif [ $? != 0 ] ; then\n    # print error to STDERR\n    echo \"error: The sandbox is not in sync with the Podfile.lock. Run 'pod install' or update your CocoaPods installation.\" >&2\n    exit 1\nfi\n";
			showEnvVarsInLog = 0;
		};
		FBF35A845C484D990B71C24B /* [CP] Embed Pods Frameworks */ = {
			isa = PBXShellScriptBuildPhase;
			buildActionMask = 2147483647;
			files = (
			);
			inputPaths = (
			);
			name = "[CP] Embed Pods Frameworks";
			outputPaths = (
			);
			runOnlyForDeploymentPostprocessing = 0;
			shellPath = /bin/sh;
			shellScript = "\"${SRCROOT}/Pods/Target Support Files/Pods-iMessageTests/Pods-iMessageTests-frameworks.sh\"\n";
			showEnvVarsInLog = 0;
		};
/* End PBXShellScriptBuildPhase section */

/* Begin PBXSourcesBuildPhase section */
		8F49FE251DED66AD000882D8 /* Sources */ = {
			isa = PBXSourcesBuildPhase;
			buildActionMask = 2147483647;
			files = (
				8F49FE2C1DED66AD000882D8 /* iMessageTests.swift in Sources */,
				8F49FE311DED698D000882D8 /* Constants.swift in Sources */,
			);
			runOnlyForDeploymentPostprocessing = 0;
		};
		8FD4FA7C1D9E3884006B8003 /* Sources */ = {
			isa = PBXSourcesBuildPhase;
			buildActionMask = 2147483647;
			files = (
				8FE681151DE4D1980050184E /* StickersConfig.swift in Sources */,
				8FEB56801DD302C800F89401 /* Constants.swift in Sources */,
				273FA7B61DEF132600BCDB3B /* StickerCollectionView.swift in Sources */,
				8FEB56841DD302C800F89401 /* StickerPackIcon.swift in Sources */,
				8F101A5C1DE3233D00901DE2 /* FileManager+Stickers.swift in Sources */,
				8FEB56821DD302C800F89401 /* StickerIcon.swift in Sources */,
				8FEB56891DD302C800F89401 /* UIImage+Scale.swift in Sources */,
				8FA8342C1DE43DDC0082881B /* MainViewController.swift in Sources */,
				8F4378CA1E3F577C0071D200 /* MSStickerSizeExtension.swift in Sources */,
				8F101A5E1DE3233D00901DE2 /* StickerLoader.swift in Sources */,
				8FEB56811DD302C800F89401 /* StickerDataSource.swift in Sources */,
				8FEB56861DD302C800F89401 /* StickerPacksPanel.swift in Sources */,
				8F101A5D1DE3233D00901DE2 /* StickerCache.swift in Sources */,
				8FEB56881DD302C800F89401 /* StickersPanel.swift in Sources */,
				8F41F4A01E28A54B0066EA74 /* UICollectionViewRightAlignedLayout.m in Sources */,
				8F49FEA91DEDDC34000882D8 /* StickerCell.swift in Sources */,
				8F49FEAC1DEDDE6D000882D8 /* MyStickersPanel.swift in Sources */,
				8FEB56871DD302C800F89401 /* StickersDataProvider.swift in Sources */,
			);
			runOnlyForDeploymentPostprocessing = 0;
		};
/* End PBXSourcesBuildPhase section */

/* Begin PBXTargetDependency section */
		8FD4FA831D9E3884006B8003 /* PBXTargetDependency */ = {
			isa = PBXTargetDependency;
			target = 8FD4FA7F1D9E3884006B8003 /* MessagesExtension */;
			targetProxy = 8FD4FA821D9E3884006B8003 /* PBXContainerItemProxy */;
		};
/* End PBXTargetDependency section */

/* Begin PBXVariantGroup section */
		8FD4FA8A1D9E3884006B8003 /* MainInterface.storyboard */ = {
			isa = PBXVariantGroup;
			children = (
				8FD4FA8B1D9E3884006B8003 /* Base */,
			);
			name = MainInterface.storyboard;
			sourceTree = "<group>";
		};
/* End PBXVariantGroup section */

/* Begin XCBuildConfiguration section */
		8F49FE2E1DED66AD000882D8 /* Debug */ = {
			isa = XCBuildConfiguration;
			baseConfigurationReference = D8B788D2DA89564CF4576D54 /* Pods-iMessageTests.debug.xcconfig */;
			buildSettings = {
				DEVELOPMENT_TEAM = 8UDWX3Z26Y;
				INFOPLIST_FILE = iMessageTests/Info.plist;
				IPHONEOS_DEPLOYMENT_TARGET = 10.1;
				LD_RUNPATH_SEARCH_PATHS = "$(inherited) @executable_path/Frameworks @loader_path/Frameworks";
				PRODUCT_BUNDLE_IDENTIFIER = com.rokolabs.iMessageTests;
				PRODUCT_NAME = "$(TARGET_NAME)";
				SWIFT_VERSION = 3.0;
			};
			name = Debug;
		};
		8F49FE2F1DED66AD000882D8 /* Release */ = {
			isa = XCBuildConfiguration;
			baseConfigurationReference = 1D04E445679166308A486C15 /* Pods-iMessageTests.release.xcconfig */;
			buildSettings = {
				DEVELOPMENT_TEAM = 8UDWX3Z26Y;
				INFOPLIST_FILE = iMessageTests/Info.plist;
				IPHONEOS_DEPLOYMENT_TARGET = 10.1;
				LD_RUNPATH_SEARCH_PATHS = "$(inherited) @executable_path/Frameworks @loader_path/Frameworks";
				PRODUCT_BUNDLE_IDENTIFIER = com.rokolabs.iMessageTests;
				PRODUCT_NAME = "$(TARGET_NAME)";
				SWIFT_VERSION = 3.0;
			};
			name = Release;
		};
		8FD4FA901D9E3884006B8003 /* Debug */ = {
			isa = XCBuildConfiguration;
			buildSettings = {
				ALWAYS_SEARCH_USER_PATHS = NO;
				CLANG_ANALYZER_NONNULL = YES;
				CLANG_CXX_LANGUAGE_STANDARD = "gnu++0x";
				CLANG_CXX_LIBRARY = "libc++";
				CLANG_ENABLE_MODULES = YES;
				CLANG_ENABLE_OBJC_ARC = YES;
				CLANG_WARN_BOOL_CONVERSION = YES;
				CLANG_WARN_CONSTANT_CONVERSION = YES;
				CLANG_WARN_DIRECT_OBJC_ISA_USAGE = YES_ERROR;
				CLANG_WARN_DOCUMENTATION_COMMENTS = YES;
				CLANG_WARN_EMPTY_BODY = YES;
				CLANG_WARN_ENUM_CONVERSION = YES;
				CLANG_WARN_INFINITE_RECURSION = YES;
				CLANG_WARN_INT_CONVERSION = YES;
				CLANG_WARN_OBJC_ROOT_CLASS = YES_ERROR;
				CLANG_WARN_SUSPICIOUS_MOVE = YES;
				CLANG_WARN_SUSPICIOUS_MOVES = YES;
				CLANG_WARN_UNREACHABLE_CODE = YES;
				CLANG_WARN__DUPLICATE_METHOD_MATCH = YES;
				"CODE_SIGN_IDENTITY[sdk=iphoneos*]" = "iPhone Developer";
				COPY_PHASE_STRIP = NO;
				DEBUG_INFORMATION_FORMAT = dwarf;
				ENABLE_STRICT_OBJC_MSGSEND = YES;
				ENABLE_TESTABILITY = YES;
				GCC_C_LANGUAGE_STANDARD = gnu99;
				GCC_DYNAMIC_NO_PIC = NO;
				GCC_NO_COMMON_BLOCKS = YES;
				GCC_OPTIMIZATION_LEVEL = 0;
				GCC_PREPROCESSOR_DEFINITIONS = (
					"DEBUG=1",
					"$(inherited)",
				);
				GCC_WARN_64_TO_32_BIT_CONVERSION = YES;
				GCC_WARN_ABOUT_RETURN_TYPE = YES_ERROR;
				GCC_WARN_UNDECLARED_SELECTOR = YES;
				GCC_WARN_UNINITIALIZED_AUTOS = YES_AGGRESSIVE;
				GCC_WARN_UNUSED_FUNCTION = YES;
				GCC_WARN_UNUSED_VARIABLE = YES;
				IPHONEOS_DEPLOYMENT_TARGET = 10.0;
				MTL_ENABLE_DEBUG_INFO = YES;
				ONLY_ACTIVE_ARCH = YES;
				SDKROOT = iphoneos;
				SWIFT_ACTIVE_COMPILATION_CONDITIONS = DEBUG;
				SWIFT_OPTIMIZATION_LEVEL = "-Onone";
			};
			name = Debug;
		};
		8FD4FA911D9E3884006B8003 /* Release */ = {
			isa = XCBuildConfiguration;
			buildSettings = {
				ALWAYS_SEARCH_USER_PATHS = NO;
				CLANG_ANALYZER_NONNULL = YES;
				CLANG_CXX_LANGUAGE_STANDARD = "gnu++0x";
				CLANG_CXX_LIBRARY = "libc++";
				CLANG_ENABLE_MODULES = YES;
				CLANG_ENABLE_OBJC_ARC = YES;
				CLANG_WARN_BOOL_CONVERSION = YES;
				CLANG_WARN_CONSTANT_CONVERSION = YES;
				CLANG_WARN_DIRECT_OBJC_ISA_USAGE = YES_ERROR;
				CLANG_WARN_DOCUMENTATION_COMMENTS = YES;
				CLANG_WARN_EMPTY_BODY = YES;
				CLANG_WARN_ENUM_CONVERSION = YES;
				CLANG_WARN_INFINITE_RECURSION = YES;
				CLANG_WARN_INT_CONVERSION = YES;
				CLANG_WARN_OBJC_ROOT_CLASS = YES_ERROR;
				CLANG_WARN_SUSPICIOUS_MOVE = YES;
				CLANG_WARN_SUSPICIOUS_MOVES = YES;
				CLANG_WARN_UNREACHABLE_CODE = YES;
				CLANG_WARN__DUPLICATE_METHOD_MATCH = YES;
				"CODE_SIGN_IDENTITY[sdk=iphoneos*]" = "iPhone Developer";
				COPY_PHASE_STRIP = NO;
				DEBUG_INFORMATION_FORMAT = "dwarf-with-dsym";
				ENABLE_NS_ASSERTIONS = NO;
				ENABLE_STRICT_OBJC_MSGSEND = YES;
				GCC_C_LANGUAGE_STANDARD = gnu99;
				GCC_NO_COMMON_BLOCKS = YES;
				GCC_WARN_64_TO_32_BIT_CONVERSION = YES;
				GCC_WARN_ABOUT_RETURN_TYPE = YES_ERROR;
				GCC_WARN_UNDECLARED_SELECTOR = YES;
				GCC_WARN_UNINITIALIZED_AUTOS = YES_AGGRESSIVE;
				GCC_WARN_UNUSED_FUNCTION = YES;
				GCC_WARN_UNUSED_VARIABLE = YES;
				IPHONEOS_DEPLOYMENT_TARGET = 10.0;
				MTL_ENABLE_DEBUG_INFO = NO;
				SDKROOT = iphoneos;
				SWIFT_OPTIMIZATION_LEVEL = "-Owholemodule";
				VALIDATE_PRODUCT = YES;
			};
			name = Release;
		};
		8FD4FA931D9E3884006B8003 /* Debug */ = {
			isa = XCBuildConfiguration;
			baseConfigurationReference = CA10FD2746FEA5789B01D6B8 /* Pods-MessagesExtension.debug.xcconfig */;
			buildSettings = {
				ALWAYS_EMBED_SWIFT_STANDARD_LIBRARIES = "${inherited}";
				ASSETCATALOG_COMPILER_APPICON_NAME = "iMessage App Icon";
				"CODE_SIGN_IDENTITY[sdk=iphoneos*]" = "iPhone Developer";
				DEVELOPMENT_TEAM = UA6LKF8Y8H;
				INFOPLIST_FILE = MessagesExtension/Info.plist;
				LD_RUNPATH_SEARCH_PATHS = "$(inherited) @executable_path/Frameworks @executable_path/../../Frameworks";
				PRODUCT_BUNDLE_IDENTIFIER = com.rokolabs.rokomojie.extension;
				PRODUCT_NAME = "$(TARGET_NAME)";
				PROVISIONING_PROFILE = "4d5adfaf-9fa2-44f2-8e50-2c51d20c18ba";
				PROVISIONING_PROFILE_SPECIFIER = ROKODevelopment;
				SKIP_INSTALL = YES;
				SWIFT_OBJC_BRIDGING_HEADER = "MessagesExtension/iMessageStickers-Bridging-Header.h";
				SWIFT_VERSION = 3.0;
			};
			name = Debug;
		};
		8FD4FA941D9E3884006B8003 /* Release */ = {
			isa = XCBuildConfiguration;
			baseConfigurationReference = 60B0956866E70997105D7BBD /* Pods-MessagesExtension.release.xcconfig */;
			buildSettings = {
				ALWAYS_EMBED_SWIFT_STANDARD_LIBRARIES = "${inherited}";
				ASSETCATALOG_COMPILER_APPICON_NAME = "iMessage App Icon";
				"CODE_SIGN_IDENTITY[sdk=iphoneos*]" = "iPhone Distribution";
				DEVELOPMENT_TEAM = UA6LKF8Y8H;
				INFOPLIST_FILE = MessagesExtension/Info.plist;
				LD_RUNPATH_SEARCH_PATHS = "$(inherited) @executable_path/Frameworks @executable_path/../../Frameworks";
				PRODUCT_BUNDLE_IDENTIFIER = com.rokolabs.rokomojie.extension;
				PRODUCT_NAME = "$(TARGET_NAME)";
				PROVISIONING_PROFILE = "5cf40c04-bffb-40be-bf79-f3b666d016c0";
				PROVISIONING_PROFILE_SPECIFIER = "ROKOMojieExtension-AppStore";
				SKIP_INSTALL = YES;
				SWIFT_OBJC_BRIDGING_HEADER = "MessagesExtension/iMessageStickers-Bridging-Header.h";
				SWIFT_VERSION = 3.0;
			};
			name = Release;
		};
		8FD4FA971D9E3884006B8003 /* Debug */ = {
			isa = XCBuildConfiguration;
			baseConfigurationReference = 259659812254D9B363EAA599 /* Pods-iMessageStickers.debug.xcconfig */;
			buildSettings = {
				ALWAYS_EMBED_SWIFT_STANDARD_LIBRARIES = YES;
				ASSETCATALOG_COMPILER_APPICON_NAME = AppIcon;
				"CODE_SIGN_IDENTITY[sdk=iphoneos*]" = "iPhone Developer";
				DEVELOPMENT_TEAM = UA6LKF8Y8H;
				INFOPLIST_FILE = iMessageStickers/Info.plist;
				PRODUCT_BUNDLE_IDENTIFIER = com.rokolabs.rokomojie;
				PRODUCT_NAME = "$(TARGET_NAME)";
				PROVISIONING_PROFILE = "4d5adfaf-9fa2-44f2-8e50-2c51d20c18ba";
				PROVISIONING_PROFILE_SPECIFIER = ROKODevelopment;
				SWIFT_VERSION = 3.0;
				TARGETED_DEVICE_FAMILY = "1,2";
			};
			name = Debug;
		};
		8FD4FA981D9E3884006B8003 /* Release */ = {
			isa = XCBuildConfiguration;
			baseConfigurationReference = 9F445BC4BB0DA894D9745C85 /* Pods-iMessageStickers.release.xcconfig */;
			buildSettings = {
				ALWAYS_EMBED_SWIFT_STANDARD_LIBRARIES = YES;
				ASSETCATALOG_COMPILER_APPICON_NAME = AppIcon;
				"CODE_SIGN_IDENTITY[sdk=iphoneos*]" = "iPhone Distribution";
				DEVELOPMENT_TEAM = UA6LKF8Y8H;
				INFOPLIST_FILE = iMessageStickers/Info.plist;
				PRODUCT_BUNDLE_IDENTIFIER = com.rokolabs.rokomojie;
				PRODUCT_NAME = "$(TARGET_NAME)";
				PROVISIONING_PROFILE = "39eb0ec7-870c-4cee-965d-7c3ceeca46dd";
				PROVISIONING_PROFILE_SPECIFIER = "ROKOMojie-AppStore";
				SWIFT_VERSION = 3.0;
				TARGETED_DEVICE_FAMILY = "1,2";
			};
			name = Release;
		};
/* End XCBuildConfiguration section */

/* Begin XCConfigurationList section */
		8F49FE301DED66AD000882D8 /* Build configuration list for PBXNativeTarget "iMessageTests" */ = {
			isa = XCConfigurationList;
			buildConfigurations = (
				8F49FE2E1DED66AD000882D8 /* Debug */,
				8F49FE2F1DED66AD000882D8 /* Release */,
			);
			defaultConfigurationIsVisible = 0;
			defaultConfigurationName = Release;
		};
		8FD4FA731D9E3884006B8003 /* Build configuration list for PBXProject "iMessageStickers" */ = {
			isa = XCConfigurationList;
			buildConfigurations = (
				8FD4FA901D9E3884006B8003 /* Debug */,
				8FD4FA911D9E3884006B8003 /* Release */,
			);
			defaultConfigurationIsVisible = 0;
			defaultConfigurationName = Release;
		};
		8FD4FA921D9E3884006B8003 /* Build configuration list for PBXNativeTarget "MessagesExtension" */ = {
			isa = XCConfigurationList;
			buildConfigurations = (
				8FD4FA931D9E3884006B8003 /* Debug */,
				8FD4FA941D9E3884006B8003 /* Release */,
			);
			defaultConfigurationIsVisible = 0;
			defaultConfigurationName = Release;
		};
		8FD4FA961D9E3884006B8003 /* Build configuration list for PBXNativeTarget "iMessageStickers" */ = {
			isa = XCConfigurationList;
			buildConfigurations = (
				8FD4FA971D9E3884006B8003 /* Debug */,
				8FD4FA981D9E3884006B8003 /* Release */,
			);
			defaultConfigurationIsVisible = 0;
			defaultConfigurationName = Release;
		};
/* End XCConfigurationList section */
	};
	rootObject = 8FD4FA701D9E3884006B8003 /* Project object */;
}
